
Microsoft Visual Studio Solution File, Format Version 12.00
# Visual Studio Version 17
VisualStudioVersion = 17.5.33414.496
MinimumVisualStudioVersion = 10.0.40219.1
Project("{FAE04EC0-301F-11D3-BF4B-00C04F79EFBC}") = "RsaGenerateKeys", "RsaGenerateKeys\RsaGenerateKeys.csproj", "{2F8387EA-2BF0-4ADA-94D2-838C99D0F9CC}"
EndProject
Global
	GlobalSection(SolutionConfigurationPlatforms) = preSolution
		Debug|Any CPU = Debug|Any CPU
		Release|Any CPU = Release|Any CPU
	EndGlobalSection
	GlobalSection(ProjectConfigurationPlatforms) = postSolution
		{2F8387EA-2BF0-4ADA-94D2-838C99D0F9CC}.Debug|Any CPU.ActiveCfg = Debug|Any CPU
		{2F8387EA-2BF0-4ADA-94D2-838C99D0F9CC}.Debug|Any CPU.Build.0 = Debug|Any CPU
		{2F8387EA-2BF0-4ADA-94D2-838C99D0F9CC}.Release|Any CPU.ActiveCfg = Release|Any CPU
		{2F8387EA-2BF0-4ADA-94D2-838C99D0F9CC}.Release|Any CPU.Build.0 = Release|Any CPU
	EndGlobalSection
	GlobalSection(SolutionProperties) = preSolution
		HideSolutionNode = FALSE
	EndGlobalSection
	GlobalSection(ExtensibilityGlobals) = postSolution
		SolutionGuid = {A78E59D5-8AEC-4D36-A84B-8773D58A3FB0}
	EndGlobalSection
EndGlobal
